
Microsoft Visual Studio Solution File, Format Version 12.00
# Visual Studio Version 17
VisualStudioVersion = 17.12.35527.113
MinimumVisualStudioVersion = 10.0.40219.1
Project("{FAE04EC0-301F-11D3-BF4B-00C04F79EFBC}") = "efibootmgr", "efibootmgr\efibootmgr.csproj", "{4B52E5BF-D038-4853-9D27-B7890343F55D}"
EndProject
Project("{2150E333-8FDC-42A3-9474-1A3956D46DE8}") = "Solution Items", "Solution Items", "{77F575FB-C041-4E16-9F04-22484CFFFDA1}"
	ProjectSection(SolutionItems) = preProject
		README.md = README.md
	EndProjectSection
EndProject
Project("{FAE04EC0-301F-11D3-BF4B-00C04F79EFBC}") = "BinaryCoder", "BinaryCoder\BinaryCoder.csproj", "{B1816189-CA88-4056-BF11-E105CB538AF8}"
EndProject
Project("{FAE04EC0-301F-11D3-BF4B-00C04F79EFBC}") = "BinaryCoderDemo", "BinaryCoderDemo\BinaryCoderDemo.csproj", "{9326C7E7-8F3C-424F-8C51-AEC3E2B551F1}"
EndProject
Global
	GlobalSection(SolutionConfigurationPlatforms) = preSolution
		Debug|Any CPU = Debug|Any CPU
		Release|Any CPU = Release|Any CPU
	EndGlobalSection
	GlobalSection(ProjectConfigurationPlatforms) = postSolution
		{4B52E5BF-D038-4853-9D27-B7890343F55D}.Debug|Any CPU.ActiveCfg = Debug|Any CPU
		{4B52E5BF-D038-4853-9D27-B7890343F55D}.Debug|Any CPU.Build.0 = Debug|Any CPU
		{4B52E5BF-D038-4853-9D27-B7890343F55D}.Release|Any CPU.ActiveCfg = Release|Any CPU
		{4B52E5BF-D038-4853-9D27-B7890343F55D}.Release|Any CPU.Build.0 = Release|Any CPU
		{B1816189-CA88-4056-BF11-E105CB538AF8}.Debug|Any CPU.ActiveCfg = Debug|Any CPU
		{B1816189-CA88-4056-BF11-E105CB538AF8}.Debug|Any CPU.Build.0 = Debug|Any CPU
		{B1816189-CA88-4056-BF11-E105CB538AF8}.Release|Any CPU.ActiveCfg = Release|Any CPU
		{B1816189-CA88-4056-BF11-E105CB538AF8}.Release|Any CPU.Build.0 = Release|Any CPU
		{9326C7E7-8F3C-424F-8C51-AEC3E2B551F1}.Debug|Any CPU.ActiveCfg = Debug|Any CPU
		{9326C7E7-8F3C-424F-8C51-AEC3E2B551F1}.Debug|Any CPU.Build.0 = Debug|Any CPU
		{9326C7E7-8F3C-424F-8C51-AEC3E2B551F1}.Release|Any CPU.ActiveCfg = Release|Any CPU
		{9326C7E7-8F3C-424F-8C51-AEC3E2B551F1}.Release|Any CPU.Build.0 = Release|Any CPU
	EndGlobalSection
	GlobalSection(SolutionProperties) = preSolution
		HideSolutionNode = FALSE
	EndGlobalSection
	GlobalSection(ExtensibilityGlobals) = postSolution
		SolutionGuid = {6CC5B8BB-6F44-4080-AC3E-D0E368504B0A}
	EndGlobalSection
EndGlobal
